
Microsoft Visual Studio Solution File, Format Version 12.00
# Visual Studio 15
VisualStudioVersion = 15.0.27428.2002
MinimumVisualStudioVersion = 10.0.40219.1
Project("{FAE04EC0-301F-11D3-BF4B-00C04F79EFBC}") = "Accounts", "Accounts\Accounts.csproj", "{A2FC4EA9-2FE2-41AA-9554-CAC5C3BFB8B2}"
EndProject
Global
	GlobalSection(SolutionConfigurationPlatforms) = preSolution
		Debug|Any CPU = Debug|Any CPU
		Release|Any CPU = Release|Any CPU
	EndGlobalSection
	GlobalSection(ProjectConfigurationPlatforms) = postSolution
		{A2FC4EA9-2FE2-41AA-9554-CAC5C3BFB8B2}.Debug|Any CPU.ActiveCfg = Debug|Any CPU
		{A2FC4EA9-2FE2-41AA-9554-CAC5C3BFB8B2}.Debug|Any CPU.Build.0 = Debug|Any CPU
		{A2FC4EA9-2FE2-41AA-9554-CAC5C3BFB8B2}.Release|Any CPU.ActiveCfg = Release|Any CPU
		{A2FC4EA9-2FE2-41AA-9554-CAC5C3BFB8B2}.Release|Any CPU.Build.0 = Release|Any CPU
	EndGlobalSection
	GlobalSection(SolutionProperties) = preSolution
		HideSolutionNode = FALSE
	EndGlobalSection
	GlobalSection(ExtensibilityGlobals) = postSolution
		SolutionGuid = {FFFE6973-9BF7-4E47-8775-BA247018EEDB}
	EndGlobalSection
EndGlobal
